
Microsoft Visual Studio Solution File, Format Version 12.00
# Visual Studio Version 16
VisualStudioVersion = 16.0.29728.190
MinimumVisualStudioVersion = 10.0.40219.1
Project("{8BC9CEB8-8B4A-11D0-8D11-00A0C91BC942}") = "Homework", "test\test.vcxproj", "{DF04EBF3-7973-492F-8F42-83D77E081552}"
EndProject
Project("{8BC9CEB8-8B4A-11D0-8D11-00A0C91BC942}") = "timer", "timer\timer.vcxproj", "{9C9FD7B8-4A27-463C-8494-8B02D29BC6D6}"
EndProject
Project("{8BC9CEB8-8B4A-11D0-8D11-00A0C91BC942}") = "Try", "Try\Try.vcxproj", "{3C1F4B37-0704-4E91-863A-1D5C20F930C4}"
EndProject
Project("{888888A0-9F3D-457C-B088-3A5042F75D52}") = "py", "py\py.pyproj", "{23EA04BD-6C9D-4410-B7DA-E3A043273C13}"
EndProject
Global
	GlobalSection(SolutionConfigurationPlatforms) = preSolution
		Debug|Any CPU = Debug|Any CPU
		Debug|ARM = Debug|ARM
		Debug|ARM64 = Debug|ARM64
		Debug|x64 = Debug|x64
		Debug|x86 = Debug|x86
		Release|Any CPU = Release|Any CPU
		Release|ARM = Release|ARM
		Release|ARM64 = Release|ARM64
		Release|x64 = Release|x64
		Release|x86 = Release|x86
	EndGlobalSection
	GlobalSection(ProjectConfigurationPlatforms) = postSolution
		{DF04EBF3-7973-492F-8F42-83D77E081552}.Debug|Any CPU.ActiveCfg = Debug|Win32
		{DF04EBF3-7973-492F-8F42-83D77E081552}.Debug|ARM.ActiveCfg = Debug|Win32
		{DF04EBF3-7973-492F-8F42-83D77E081552}.Debug|ARM64.ActiveCfg = Debug|Win32
		{DF04EBF3-7973-492F-8F42-83D77E081552}.Debug|x64.ActiveCfg = Debug|x64
		{DF04EBF3-7973-492F-8F42-83D77E081552}.Debug|x64.Build.0 = Debug|x64
		{DF04EBF3-7973-492F-8F42-83D77E081552}.Debug|x86.ActiveCfg = Debug|Win32
		{DF04EBF3-7973-492F-8F42-83D77E081552}.Debug|x86.Build.0 = Debug|Win32
		{DF04EBF3-7973-492F-8F42-83D77E081552}.Release|Any CPU.ActiveCfg = Release|Win32
		{DF04EBF3-7973-492F-8F42-83D77E081552}.Release|ARM.ActiveCfg = Release|Win32
		{DF04EBF3-7973-492F-8F42-83D77E081552}.Release|ARM64.ActiveCfg = Release|Win32
		{DF04EBF3-7973-492F-8F42-83D77E081552}.Release|x64.ActiveCfg = Release|x64
		{DF04EBF3-7973-492F-8F42-83D77E081552}.Release|x64.Build.0 = Release|x64
		{DF04EBF3-7973-492F-8F42-83D77E081552}.Release|x86.ActiveCfg = Release|Win32
		{DF04EBF3-7973-492F-8F42-83D77E081552}.Release|x86.Build.0 = Release|Win32
		{9C9FD7B8-4A27-463C-8494-8B02D29BC6D6}.Debug|Any CPU.ActiveCfg = Debug|Win32
		{9C9FD7B8-4A27-463C-8494-8B02D29BC6D6}.Debug|ARM.ActiveCfg = Debug|Win32
		{9C9FD7B8-4A27-463C-8494-8B02D29BC6D6}.Debug|ARM64.ActiveCfg = Debug|Win32
		{9C9FD7B8-4A27-463C-8494-8B02D29BC6D6}.Debug|x64.ActiveCfg = Debug|x64
		{9C9FD7B8-4A27-463C-8494-8B02D29BC6D6}.Debug|x64.Build.0 = Debug|x64
		{9C9FD7B8-4A27-463C-8494-8B02D29BC6D6}.Debug|x86.ActiveCfg = Debug|Win32
		{9C9FD7B8-4A27-463C-8494-8B02D29BC6D6}.Debug|x86.Build.0 = Debug|Win32
		{9C9FD7B8-4A27-463C-8494-8B02D29BC6D6}.Release|Any CPU.ActiveCfg = Release|Win32
		{9C9FD7B8-4A27-463C-8494-8B02D29BC6D6}.Release|ARM.ActiveCfg = Release|Win32
		{9C9FD7B8-4A27-463C-8494-8B02D29BC6D6}.Release|ARM64.ActiveCfg = Release|Win32
		{9C9FD7B8-4A27-463C-8494-8B02D29BC6D6}.Release|x64.ActiveCfg = Release|x64
		{9C9FD7B8-4A27-463C-8494-8B02D29BC6D6}.Release|x64.Build.0 = Release|x64
		{9C9FD7B8-4A27-463C-8494-8B02D29BC6D6}.Release|x86.ActiveCfg = Release|Win32
		{9C9FD7B8-4A27-463C-8494-8B02D29BC6D6}.Release|x86.Build.0 = Release|Win32
		{3C1F4B37-0704-4E91-863A-1D5C20F930C4}.Debug|Any CPU.ActiveCfg = Debug|Win32
		{3C1F4B37-0704-4E91-863A-1D5C20F930C4}.Debug|ARM.ActiveCfg = Debug|Win32
		{3C1F4B37-0704-4E91-863A-1D5C20F930C4}.Debug|ARM64.ActiveCfg = Debug|Win32
		{3C1F4B37-0704-4E91-863A-1D5C20F930C4}.Debug|x64.ActiveCfg = Debug|x64
		{3C1F4B37-0704-4E91-863A-1D5C20F930C4}.Debug|x64.Build.0 = Debug|x64
		{3C1F4B37-0704-4E91-863A-1D5C20F930C4}.Debug|x86.ActiveCfg = Debug|Win32
		{3C1F4B37-0704-4E91-863A-1D5C20F930C4}.Debug|x86.Build.0 = Debug|Win32
		{3C1F4B37-0704-4E91-863A-1D5C20F930C4}.Release|Any CPU.ActiveCfg = Release|Win32
		{3C1F4B37-0704-4E91-863A-1D5C20F930C4}.Release|ARM.ActiveCfg = Release|Win32
		{3C1F4B37-0704-4E91-863A-1D5C20F930C4}.Release|ARM64.ActiveCfg = Release|Win32
		{3C1F4B37-0704-4E91-863A-1D5C20F930C4}.Release|x64.ActiveCfg = Release|x64
		{3C1F4B37-0704-4E91-863A-1D5C20F930C4}.Release|x64.Build.0 = Release|x64
		{3C1F4B37-0704-4E91-863A-1D5C20F930C4}.Release|x86.ActiveCfg = Release|Win32
		{3C1F4B37-0704-4E91-863A-1D5C20F930C4}.Release|x86.Build.0 = Release|Win32
		{23EA04BD-6C9D-4410-B7DA-E3A043273C13}.Debug|Any CPU.ActiveCfg = Debug|Any CPU
		{23EA04BD-6C9D-4410-B7DA-E3A043273C13}.Debug|ARM.ActiveCfg = Debug|Any CPU
		{23EA04BD-6C9D-4410-B7DA-E3A043273C13}.Debug|ARM64.ActiveCfg = Debug|Any CPU
		{23EA04BD-6C9D-4410-B7DA-E3A043273C13}.Debug|x64.ActiveCfg = Debug|Any CPU
		{23EA04BD-6C9D-4410-B7DA-E3A043273C13}.Debug|x86.ActiveCfg = Debug|Any CPU
		{23EA04BD-6C9D-4410-B7DA-E3A043273C13}.Release|Any CPU.ActiveCfg = Release|Any CPU
		{23EA04BD-6C9D-4410-B7DA-E3A043273C13}.Release|ARM.ActiveCfg = Release|Any CPU
		{23EA04BD-6C9D-4410-B7DA-E3A043273C13}.Release|ARM64.ActiveCfg = Release|Any CPU
		{23EA04BD-6C9D-4410-B7DA-E3A043273C13}.Release|x64.ActiveCfg = Release|Any CPU
		{23EA04BD-6C9D-4410-B7DA-E3A043273C13}.Release|x86.ActiveCfg = Release|Any CPU
	EndGlobalSection
	GlobalSection(SolutionProperties) = preSolution
		HideSolutionNode = FALSE
	EndGlobalSection
	GlobalSection(ExtensibilityGlobals) = postSolution
		SolutionGuid = {A84869AB-B1C7-477E-A2AB-C1CE72ADAC02}
	EndGlobalSection
EndGlobal
